
Microsoft Visual Studio Solution File, Format Version 12.00
# Visual Studio Version 17
VisualStudioVersion = 17.5.002.0
MinimumVisualStudioVersion = 10.0.40219.1
Project("{9A19103F-16F7-4668-BE54-9A1E7A4F7556}") = "PokemonReviewApp", "PokemonReviewApp.csproj", "{D58C04A3-E3B2-43B6-99C5-6DAA3710A65D}"
EndProject
Global
	GlobalSection(SolutionConfigurationPlatforms) = preSolution
		Debug|Any CPU = Debug|Any CPU
		Release|Any CPU = Release|Any CPU
	EndGlobalSection
	GlobalSection(ProjectConfigurationPlatforms) = postSolution
		{D58C04A3-E3B2-43B6-99C5-6DAA3710A65D}.Debug|Any CPU.ActiveCfg = Debug|Any CPU
		{D58C04A3-E3B2-43B6-99C5-6DAA3710A65D}.Debug|Any CPU.Build.0 = Debug|Any CPU
		{D58C04A3-E3B2-43B6-99C5-6DAA3710A65D}.Release|Any CPU.ActiveCfg = Release|Any CPU
		{D58C04A3-E3B2-43B6-99C5-6DAA3710A65D}.Release|Any CPU.Build.0 = Release|Any CPU
	EndGlobalSection
	GlobalSection(SolutionProperties) = preSolution
		HideSolutionNode = FALSE
	EndGlobalSection
	GlobalSection(ExtensibilityGlobals) = postSolution
		SolutionGuid = {9EFFF1A3-9467-459D-92CF-2E6E93F72380}
	EndGlobalSection
EndGlobal
